
Microsoft Visual Studio Solution File, Format Version 12.00
# Visual Studio 15
VisualStudioVersion = 15.0.27703.2042
MinimumVisualStudioVersion = 10.0.40219.1
Project("{FAE04EC0-301F-11D3-BF4B-00C04F79EFBC}") = "Drip", "Drip\Drip.csproj", "{8047ECA7-933E-4A3C-A1D8-EFE5539216FA}"
EndProject
Project("{FAE04EC0-301F-11D3-BF4B-00C04F79EFBC}") = "Wholeglasses", "Wholeglasses\Wholeglasses.csproj", "{151DEE28-D411-46C9-84C1-7B037614CF4D}"
EndProject
Global
	GlobalSection(SolutionConfigurationPlatforms) = preSolution
		Debug|Any CPU = Debug|Any CPU
		Release|Any CPU = Release|Any CPU
	EndGlobalSection
	GlobalSection(ProjectConfigurationPlatforms) = postSolution
		{8047ECA7-933E-4A3C-A1D8-EFE5539216FA}.Debug|Any CPU.ActiveCfg = Debug|Any CPU
		{8047ECA7-933E-4A3C-A1D8-EFE5539216FA}.Debug|Any CPU.Build.0 = Debug|Any CPU
		{8047ECA7-933E-4A3C-A1D8-EFE5539216FA}.Release|Any CPU.ActiveCfg = Release|Any CPU
		{8047ECA7-933E-4A3C-A1D8-EFE5539216FA}.Release|Any CPU.Build.0 = Release|Any CPU
		{151DEE28-D411-46C9-84C1-7B037614CF4D}.Debug|Any CPU.ActiveCfg = Debug|Any CPU
		{151DEE28-D411-46C9-84C1-7B037614CF4D}.Debug|Any CPU.Build.0 = Debug|Any CPU
		{151DEE28-D411-46C9-84C1-7B037614CF4D}.Release|Any CPU.ActiveCfg = Release|Any CPU
		{151DEE28-D411-46C9-84C1-7B037614CF4D}.Release|Any CPU.Build.0 = Release|Any CPU
	EndGlobalSection
	GlobalSection(SolutionProperties) = preSolution
		HideSolutionNode = FALSE
	EndGlobalSection
	GlobalSection(ExtensibilityGlobals) = postSolution
		SolutionGuid = {7F20E4DF-0425-42E4-976E-4632EE9BF72D}
	EndGlobalSection
EndGlobal
