
Microsoft Visual Studio Solution File, Format Version 12.00
# Visual Studio 15
VisualStudioVersion = 15.0.27703.2042
MinimumVisualStudioVersion = 10.0.40219.1
Project("{FAE04EC0-301F-11D3-BF4B-00C04F79EFBC}") = "ChangeCalculator", "ChangeCalculator\ChangeCalculator.csproj", "{8FB14ECA-91B9-47C9-94AD-430F5F945175}"
EndProject
Project("{FAE04EC0-301F-11D3-BF4B-00C04F79EFBC}") = "TaxCalculator", "TaxCalculator\TaxCalculator.csproj", "{525C5FA4-2EA3-4E3B-A08C-DD8DA612F803}"
EndProject
Global
	GlobalSection(SolutionConfigurationPlatforms) = preSolution
		Debug|Any CPU = Debug|Any CPU
		Release|Any CPU = Release|Any CPU
	EndGlobalSection
	GlobalSection(ProjectConfigurationPlatforms) = postSolution
		{8FB14ECA-91B9-47C9-94AD-430F5F945175}.Debug|Any CPU.ActiveCfg = Debug|Any CPU
		{8FB14ECA-91B9-47C9-94AD-430F5F945175}.Debug|Any CPU.Build.0 = Debug|Any CPU
		{8FB14ECA-91B9-47C9-94AD-430F5F945175}.Release|Any CPU.ActiveCfg = Release|Any CPU
		{8FB14ECA-91B9-47C9-94AD-430F5F945175}.Release|Any CPU.Build.0 = Release|Any CPU
		{525C5FA4-2EA3-4E3B-A08C-DD8DA612F803}.Debug|Any CPU.ActiveCfg = Debug|Any CPU
		{525C5FA4-2EA3-4E3B-A08C-DD8DA612F803}.Debug|Any CPU.Build.0 = Debug|Any CPU
		{525C5FA4-2EA3-4E3B-A08C-DD8DA612F803}.Release|Any CPU.ActiveCfg = Release|Any CPU
		{525C5FA4-2EA3-4E3B-A08C-DD8DA612F803}.Release|Any CPU.Build.0 = Release|Any CPU
	EndGlobalSection
	GlobalSection(SolutionProperties) = preSolution
		HideSolutionNode = FALSE
	EndGlobalSection
	GlobalSection(ExtensibilityGlobals) = postSolution
		SolutionGuid = {8A8F26E9-2341-47E9-8083-E400AAC7A725}
	EndGlobalSection
EndGlobal
